
Microsoft Visual Studio Solution File, Format Version 12.00
# Visual Studio Version 16
VisualStudioVersion = 16.0.31702.278
MinimumVisualStudioVersion = 10.0.40219.1
Project("{FAE04EC0-301F-11D3-BF4B-00C04F79EFBC}") = "WindowsFormsContacts", "WindowsFormsContacts\WindowsFormsContacts.csproj", "{B9BCD233-B4DE-4FF6-9F5B-1D02A9423705}"
EndProject
Global
	GlobalSection(SolutionConfigurationPlatforms) = preSolution
		Debug|Any CPU = Debug|Any CPU
		Release|Any CPU = Release|Any CPU
	EndGlobalSection
	GlobalSection(ProjectConfigurationPlatforms) = postSolution
		{B9BCD233-B4DE-4FF6-9F5B-1D02A9423705}.Debug|Any CPU.ActiveCfg = Debug|Any CPU
		{B9BCD233-B4DE-4FF6-9F5B-1D02A9423705}.Debug|Any CPU.Build.0 = Debug|Any CPU
		{B9BCD233-B4DE-4FF6-9F5B-1D02A9423705}.Release|Any CPU.ActiveCfg = Release|Any CPU
		{B9BCD233-B4DE-4FF6-9F5B-1D02A9423705}.Release|Any CPU.Build.0 = Release|Any CPU
	EndGlobalSection
	GlobalSection(SolutionProperties) = preSolution
		HideSolutionNode = FALSE
	EndGlobalSection
	GlobalSection(ExtensibilityGlobals) = postSolution
		SolutionGuid = {0DF2F800-5852-4EEF-AEFB-FF8254BDDFEB}
	EndGlobalSection
EndGlobal
